
Microsoft Visual Studio Solution File, Format Version 12.00
# Visual Studio Version 16
VisualStudioVersion = 16.0.31205.134
MinimumVisualStudioVersion = 10.0.40219.1
Project("{FAE04EC0-301F-11D3-BF4B-00C04F79EFBC}") = "WCFchat", "WCFchat\WCFchat.csproj", "{14F23A30-3742-4B2F-AB3A-3FE17C442512}"
EndProject
Project("{FAE04EC0-301F-11D3-BF4B-00C04F79EFBC}") = "ChatHost", "ChatHost\ChatHost.csproj", "{9AF28F62-025B-43A3-990D-A92B216F1995}"
EndProject
Project("{FAE04EC0-301F-11D3-BF4B-00C04F79EFBC}") = "ChatClient", "ChatClient\ChatClient.csproj", "{E88C3B25-D195-4858-9F0E-12E14D0C6E0E}"
EndProject
Project("{2150E333-8FDC-42A3-9474-1A3956D46DE8}") = "Solution Items", "Solution Items", "{7ADA356F-950D-4422-890E-F55859A9B2E3}"
	ProjectSection(SolutionItems) = preProject
		README.md = README.md
	EndProjectSection
EndProject
Global
	GlobalSection(SolutionConfigurationPlatforms) = preSolution
		Debug|Any CPU = Debug|Any CPU
		Release|Any CPU = Release|Any CPU
	EndGlobalSection
	GlobalSection(ProjectConfigurationPlatforms) = postSolution
		{14F23A30-3742-4B2F-AB3A-3FE17C442512}.Debug|Any CPU.ActiveCfg = Debug|Any CPU
		{14F23A30-3742-4B2F-AB3A-3FE17C442512}.Debug|Any CPU.Build.0 = Debug|Any CPU
		{14F23A30-3742-4B2F-AB3A-3FE17C442512}.Release|Any CPU.ActiveCfg = Release|Any CPU
		{14F23A30-3742-4B2F-AB3A-3FE17C442512}.Release|Any CPU.Build.0 = Release|Any CPU
		{9AF28F62-025B-43A3-990D-A92B216F1995}.Debug|Any CPU.ActiveCfg = Debug|Any CPU
		{9AF28F62-025B-43A3-990D-A92B216F1995}.Debug|Any CPU.Build.0 = Debug|Any CPU
		{9AF28F62-025B-43A3-990D-A92B216F1995}.Release|Any CPU.ActiveCfg = Release|Any CPU
		{9AF28F62-025B-43A3-990D-A92B216F1995}.Release|Any CPU.Build.0 = Release|Any CPU
		{E88C3B25-D195-4858-9F0E-12E14D0C6E0E}.Debug|Any CPU.ActiveCfg = Debug|Any CPU
		{E88C3B25-D195-4858-9F0E-12E14D0C6E0E}.Debug|Any CPU.Build.0 = Debug|Any CPU
		{E88C3B25-D195-4858-9F0E-12E14D0C6E0E}.Release|Any CPU.ActiveCfg = Release|Any CPU
		{E88C3B25-D195-4858-9F0E-12E14D0C6E0E}.Release|Any CPU.Build.0 = Release|Any CPU
	EndGlobalSection
	GlobalSection(SolutionProperties) = preSolution
		HideSolutionNode = FALSE
	EndGlobalSection
	GlobalSection(ExtensibilityGlobals) = postSolution
		SolutionGuid = {83291F00-E6AE-41FB-B19E-443D4C01C73D}
	EndGlobalSection
EndGlobal
